{
  "name": "hyphe-lib-ger",
  "version": "2.0.1",
  "lockfileVersion": 1,
  "requires": true,
  "dependencies": {
    "hyphenation.de": {
      "version": "0.2.1",
      "resolved": "https://registry.npmjs.org/hyphenation.de/-/hyphenation.de-0.2.1.tgz",
      "integrity": "sha1-NmtKgFiExE1ZvoUbm/QCzPJOJDQ=",
      "requires": {
        "hypher": "0.2.5"
      }
    },
    "hypher": {
      "version": "0.2.5",
      "resolved": "https://registry.npmjs.org/hypher/-/hypher-0.2.5.tgz",
      "integrity": "sha1-L+RW7So/1O0NnkKGFxgcWfmm3QI="
    }
  }
}
