# THIS IS AN AUTOGENERATED FILE. DO NOT EDIT THIS FILE DIRECTLY.
# yarn lockfile v1


hyphenation.de@^0.2.1:
  version "0.2.1"
  resolved "https://registry.yarnpkg.com/hyphenation.de/-/hyphenation.de-0.2.1.tgz#366b4a805884c44d59be851b9bf402ccf24e2434"
  dependencies:
    hypher "*"

hypher@*, hypher@^0.2.5:
  version "0.2.5"
  resolved "https://registry.yarnpkg.com/hypher/-/hypher-0.2.5.tgz#2fe456ed2a3fd4ed0d9e428617181c59f9a6dd02"
